{
  "nodes": {
    "flake-utils": {
      "inputs": {
        "systems": "systems"
      },
      "locked": {
        "lastModified": 1731533236,
        "narHash": "sha256-l0KFg5HjrsfsO/JpG+r7fRrqm12kzFHyUHqHCVpMMbI=",
        "owner": "numtide",
        "repo": "flake-utils",
        "rev": "11707dc2f618dd54ca8739b309ec4fc024de578b",
        "type": "github"
      },
      "original": {
        "owner": "numtide",
        "repo": "flake-utils",
        "type": "github"
      }
    },
    "hypre": {
      "flake": false,
      "locked": {
        "lastModified": 1735925409,
        "narHash": "sha256-MhWj1cBKIDUCf1mHCR/3ecoFgLjpWlLh5+MPDGf7OB8=",
        "owner": "hypre-space",
        "repo": "hypre",
        "rev": "6d01417697aa84d118eb1e1eb91315df42575be5",
        "type": "github"
      },
      "original": {
        "owner": "hypre-space",
        "repo": "hypre",
        "type": "github"
      }
    },
    "mumps": {
      "flake": false,
      "locked": {
        "lastModified": 1628094024,
        "narHash": "sha256-EXlmJjxp1qh0u8c6vpy5qWGR2qmcjQz849jYCBVCjo8=",
        "ref": "refs/heads/master",
        "rev": "6d1470374d329fac27847ebd65acdea68249d733",
        "revCount": 74,
        "type": "git",
        "url": "https://bitbucket.com/petsc/pkg-mumps/v5.4.1-p1"
      },
      "original": {
        "type": "git",
        "url": "https://bitbucket.com/petsc/pkg-mumps/v5.4.1-p1"
      }
    },
    "nixpkgs": {
      "locked": {
        "lastModified": 1735960585,
        "narHash": "sha256-JVpAUYZ/f0HZd5xJmOa3oZA5R8r4K5XNlapMoVOw5hg=",
        "owner": "nixos",
        "repo": "nixpkgs",
        "rev": "8cb0cd700b47bb7c6e61fd1946d9dee8d6ad02d8",
        "type": "github"
      },
      "original": {
        "owner": "nixos",
        "repo": "nixpkgs",
        "type": "github"
      }
    },
    "petsc": {
      "flake": false,
      "locked": {
        "lastModified": 1735935115,
        "narHash": "sha256-ciset5IHPyoyEwQdPhuhuvNISGa7VbBUD1WPUP1/6+Y=",
        "ref": "refs/heads/main",
        "rev": "3531e58460127287163dcc8e4132a2df525e39a6",
        "revCount": 91231,
        "type": "git",
        "url": "https://gitlab.com/petsc/petsc?tag=v3.22.2"
      },
      "original": {
        "type": "git",
        "url": "https://gitlab.com/petsc/petsc?tag=v3.22.2"
      }
    },
    "root": {
      "inputs": {
        "flake-utils": "flake-utils",
        "hypre": "hypre",
        "mumps": "mumps",
        "nixpkgs": "nixpkgs",
        "petsc": "petsc",
        "slepc": "slepc",
        "sowing": "sowing"
      }
    },
    "slepc": {
      "flake": false,
      "locked": {
        "lastModified": 1734448427,
        "narHash": "sha256-DFyLbSpXVFQDOIt9fxh/YD+UIB2npzNjr3D8ovZKHEU=",
        "ref": "refs/heads/main",
        "rev": "616e8b6ac8dbb41a1dc314e5c099b8af246c688d",
        "revCount": 10334,
        "type": "git",
        "url": "https://gitlab.com/slepc/slepc?tag=v3.22.2"
      },
      "original": {
        "type": "git",
        "url": "https://gitlab.com/slepc/slepc?tag=v3.22.2"
      }
    },
    "sowing": {
      "flake": false,
      "locked": {
        "lastModified": 1724430605,
        "narHash": "sha256-PJX3+3c39qyKoHFoJRzzehhRS1VjbClmKZzdIZ/9WFc=",
        "ref": "refs/heads/master",
        "rev": "e5f48cf4a72ae089ec04f5fa8fe9d15da4506cef",
        "revCount": 317,
        "type": "git",
        "url": "https://bitbucket.com/petsc/pkg-sowing/v1.1.26.12"
      },
      "original": {
        "type": "git",
        "url": "https://bitbucket.com/petsc/pkg-sowing/v1.1.26.12"
      }
    },
    "systems": {
      "locked": {
        "lastModified": 1681028828,
        "narHash": "sha256-Vy1rq5AaRuLzOxct8nz4T6wlgyUR7zLU309k9mBC768=",
        "owner": "nix-systems",
        "repo": "default",
        "rev": "da67096a3b9bf56a91d16901293e51ba5b49a27e",
        "type": "github"
      },
      "original": {
        "owner": "nix-systems",
        "repo": "default",
        "type": "github"
      }
    }
  },
  "root": "root",
  "version": 7
}
